
Microsoft Visual Studio Solution File, Format Version 12.00
# Visual Studio 15
VisualStudioVersion = 15.0.28010.2016
MinimumVisualStudioVersion = 10.0.40219.1
Project("{FAE04EC0-301F-11D3-BF4B-00C04F79EFBC}") = "App01_ConsultarCEP.Android", "App01_ConsultarCEP\App01_ConsultarCEP.Android\App01_ConsultarCEP.Android.csproj", "{F67AE9B3-47D9-4446-8502-B8C73F939111}"
EndProject
Project("{FAE04EC0-301F-11D3-BF4B-00C04F79EFBC}") = "App01_ConsultarCEP.iOS", "App01_ConsultarCEP\App01_ConsultarCEP.iOS\App01_ConsultarCEP.iOS.csproj", "{24F13E4A-1558-47E7-8C60-A3B0C5C5DF6D}"
EndProject
Project("{FAE04EC0-301F-11D3-BF4B-00C04F79EFBC}") = "App01_ConsultarCEP.UWP", "App01_ConsultarCEP\App01_ConsultarCEP.UWP\App01_ConsultarCEP.UWP.csproj", "{A934C0C8-57DE-41AC-89EB-51A7C54A8C72}"
EndProject
Project("{FAE04EC0-301F-11D3-BF4B-00C04F79EFBC}") = "App01_ConsultarCEP", "App01_ConsultarCEP\App01_ConsultarCEP\App01_ConsultarCEP.csproj", "{685A3E1D-ADDD-4FC2-B61F-2DF45E694687}"
EndProject
Global
	GlobalSection(SolutionConfigurationPlatforms) = preSolution
		Ad-Hoc|Any CPU = Ad-Hoc|Any CPU
		Ad-Hoc|ARM = Ad-Hoc|ARM
		Ad-Hoc|iPhone = Ad-Hoc|iPhone
		Ad-Hoc|iPhoneSimulator = Ad-Hoc|iPhoneSimulator
		Ad-Hoc|x64 = Ad-Hoc|x64
		Ad-Hoc|x86 = Ad-Hoc|x86
		AppStore|Any CPU = AppStore|Any CPU
		AppStore|ARM = AppStore|ARM
		AppStore|iPhone = AppStore|iPhone
		AppStore|iPhoneSimulator = AppStore|iPhoneSimulator
		AppStore|x64 = AppStore|x64
		AppStore|x86 = AppStore|x86
		Debug|Any CPU = Debug|Any CPU
		Debug|ARM = Debug|ARM
		Debug|iPhone = Debug|iPhone
		Debug|iPhoneSimulator = Debug|iPhoneSimulator
		Debug|x64 = Debug|x64
		Debug|x86 = Debug|x86
		Release|Any CPU = Release|Any CPU
		Release|ARM = Release|ARM
		Release|iPhone = Release|iPhone
		Release|iPhoneSimulator = Release|iPhoneSimulator
		Release|x64 = Release|x64
		Release|x86 = Release|x86
	EndGlobalSection
	GlobalSection(ProjectConfigurationPlatforms) = postSolution
		{F67AE9B3-47D9-4446-8502-B8C73F939111}.Ad-Hoc|Any CPU.ActiveCfg = Release|Any CPU
		{F67AE9B3-47D9-4446-8502-B8C73F939111}.Ad-Hoc|Any CPU.Build.0 = Release|Any CPU
		{F67AE9B3-47D9-4446-8502-B8C73F939111}.Ad-Hoc|Any CPU.Deploy.0 = Release|Any CPU
		{F67AE9B3-47D9-4446-8502-B8C73F939111}.Ad-Hoc|ARM.ActiveCfg = Release|Any CPU
		{F67AE9B3-47D9-4446-8502-B8C73F939111}.Ad-Hoc|ARM.Build.0 = Release|Any CPU
		{F67AE9B3-47D9-4446-8502-B8C73F939111}.Ad-Hoc|ARM.Deploy.0 = Release|Any CPU
		{F67AE9B3-47D9-4446-8502-B8C73F939111}.Ad-Hoc|iPhone.ActiveCfg = Release|Any CPU
		{F67AE9B3-47D9-4446-8502-B8C73F939111}.Ad-Hoc|iPhone.Build.0 = Release|Any CPU
		{F67AE9B3-47D9-4446-8502-B8C73F939111}.Ad-Hoc|iPhone.Deploy.0 = Release|Any CPU
		{F67AE9B3-47D9-4446-8502-B8C73F939111}.Ad-Hoc|iPhoneSimulator.ActiveCfg = Release|Any CPU
		{F67AE9B3-47D9-4446-8502-B8C73F939111}.Ad-Hoc|iPhoneSimulator.Build.0 = Release|Any CPU
		{F67AE9B3-47D9-4446-8502-B8C73F939111}.Ad-Hoc|iPhoneSimulator.Deploy.0 = Release|Any CPU
		{F67AE9B3-47D9-4446-8502-B8C73F939111}.Ad-Hoc|x64.ActiveCfg = Release|Any CPU
		{F67AE9B3-47D9-4446-8502-B8C73F939111}.Ad-Hoc|x64.Build.0 = Release|Any CPU
		{F67AE9B3-47D9-4446-8502-B8C73F939111}.Ad-Hoc|x64.Deploy.0 = Release|Any CPU
		{F67AE9B3-47D9-4446-8502-B8C73F939111}.Ad-Hoc|x86.ActiveCfg = Release|Any CPU
		{F67AE9B3-47D9-4446-8502-B8C73F939111}.Ad-Hoc|x86.Build.0 = Release|Any CPU
		{F67AE9B3-47D9-4446-8502-B8C73F939111}.Ad-Hoc|x86.Deploy.0 = Release|Any CPU
		{F67AE9B3-47D9-4446-8502-B8C73F939111}.AppStore|Any CPU.ActiveCfg = Release|Any CPU
		{F67AE9B3-47D9-4446-8502-B8C73F939111}.AppStore|Any CPU.Build.0 = Release|Any CPU
		{F67AE9B3-47D9-4446-8502-B8C73F939111}.AppStore|Any CPU.Deploy.0 = Release|Any CPU
		{F67AE9B3-47D9-4446-8502-B8C73F939111}.AppStore|ARM.ActiveCfg = Release|Any CPU
		{F67AE9B3-47D9-4446-8502-B8C73F939111}.AppStore|ARM.Build.0 = Release|Any CPU
		{F67AE9B3-47D9-4446-8502-B8C73F939111}.AppStore|ARM.Deploy.0 = Release|Any CPU
		{F67AE9B3-47D9-4446-8502-B8C73F939111}.AppStore|iPhone.ActiveCfg = Release|Any CPU
		{F67AE9B3-47D9-4446-8502-B8C73F939111}.AppStore|iPhone.Build.0 = Release|Any CPU
		{F67AE9B3-47D9-4446-8502-B8C73F939111}.AppStore|iPhone.Deploy.0 = Release|Any CPU
		{F67AE9B3-47D9-4446-8502-B8C73F939111}.AppStore|iPhoneSimulator.ActiveCfg = Release|Any CPU
		{F67AE9B3-47D9-4446-8502-B8C73F939111}.AppStore|iPhoneSimulator.Build.0 = Release|Any CPU
		{F67AE9B3-47D9-4446-8502-B8C73F939111}.AppStore|iPhoneSimulator.Deploy.0 = Release|Any CPU
		{F67AE9B3-47D9-4446-8502-B8C73F939111}.AppStore|x64.ActiveCfg = Release|Any CPU
		{F67AE9B3-47D9-4446-8502-B8C73F939111}.AppStore|x64.Build.0 = Release|Any CPU
		{F67AE9B3-47D9-4446-8502-B8C73F939111}.AppStore|x64.Deploy.0 = Release|Any CPU
		{F67AE9B3-47D9-4446-8502-B8C73F939111}.AppStore|x86.ActiveCfg = Release|Any CPU
		{F67AE9B3-47D9-4446-8502-B8C73F939111}.AppStore|x86.Build.0 = Release|Any CPU
		{F67AE9B3-47D9-4446-8502-B8C73F939111}.AppStore|x86.Deploy.0 = Release|Any CPU
		{F67AE9B3-47D9-4446-8502-B8C73F939111}.Debug|Any CPU.ActiveCfg = Debug|Any CPU
		{F67AE9B3-47D9-4446-8502-B8C73F939111}.Debug|Any CPU.Build.0 = Debug|Any CPU
		{F67AE9B3-47D9-4446-8502-B8C73F939111}.Debug|Any CPU.Deploy.0 = Debug|Any CPU
		{F67AE9B3-47D9-4446-8502-B8C73F939111}.Debug|ARM.ActiveCfg = Debug|Any CPU
		{F67AE9B3-47D9-4446-8502-B8C73F939111}.Debug|ARM.Build.0 = Debug|Any CPU
		{F67AE9B3-47D9-4446-8502-B8C73F939111}.Debug|ARM.Deploy.0 = Debug|Any CPU
		{F67AE9B3-47D9-4446-8502-B8C73F939111}.Debug|iPhone.ActiveCfg = Debug|Any CPU
		{F67AE9B3-47D9-4446-8502-B8C73F939111}.Debug|iPhone.Build.0 = Debug|Any CPU
		{F67AE9B3-47D9-4446-8502-B8C73F939111}.Debug|iPhone.Deploy.0 = Debug|Any CPU
		{F67AE9B3-47D9-4446-8502-B8C73F939111}.Debug|iPhoneSimulator.ActiveCfg = Debug|Any CPU
		{F67AE9B3-47D9-4446-8502-B8C73F939111}.Debug|iPhoneSimulator.Build.0 = Debug|Any CPU
		{F67AE9B3-47D9-4446-8502-B8C73F939111}.Debug|iPhoneSimulator.Deploy.0 = Debug|Any CPU
		{F67AE9B3-47D9-4446-8502-B8C73F939111}.Debug|x64.ActiveCfg = Debug|Any CPU
		{F67AE9B3-47D9-4446-8502-B8C73F939111}.Debug|x64.Build.0 = Debug|Any CPU
		{F67AE9B3-47D9-4446-8502-B8C73F939111}.Debug|x64.Deploy.0 = Debug|Any CPU
		{F67AE9B3-47D9-4446-8502-B8C73F939111}.Debug|x86.ActiveCfg = Debug|Any CPU
		{F67AE9B3-47D9-4446-8502-B8C73F939111}.Debug|x86.Build.0 = Debug|Any CPU
		{F67AE9B3-47D9-4446-8502-B8C73F939111}.Debug|x86.Deploy.0 = Debug|Any CPU
		{F67AE9B3-47D9-4446-8502-B8C73F939111}.Release|Any CPU.ActiveCfg = Release|Any CPU
		{F67AE9B3-47D9-4446-8502-B8C73F939111}.Release|Any CPU.Build.0 = Release|Any CPU
		{F67AE9B3-47D9-4446-8502-B8C73F939111}.Release|Any CPU.Deploy.0 = Release|Any CPU
		{F67AE9B3-47D9-4446-8502-B8C73F939111}.Release|ARM.ActiveCfg = Release|Any CPU
		{F67AE9B3-47D9-4446-8502-B8C73F939111}.Release|ARM.Build.0 = Release|Any CPU
		{F67AE9B3-47D9-4446-8502-B8C73F939111}.Release|ARM.Deploy.0 = Release|Any CPU
		{F67AE9B3-47D9-4446-8502-B8C73F939111}.Release|iPhone.ActiveCfg = Release|Any CPU
		{F67AE9B3-47D9-4446-8502-B8C73F939111}.Release|iPhone.Build.0 = Release|Any CPU
		{F67AE9B3-47D9-4446-8502-B8C73F939111}.Release|iPhone.Deploy.0 = Release|Any CPU
		{F67AE9B3-47D9-4446-8502-B8C73F939111}.Release|iPhoneSimulator.ActiveCfg = Release|Any CPU
		{F67AE9B3-47D9-4446-8502-B8C73F939111}.Release|iPhoneSimulator.Build.0 = Release|Any CPU
		{F67AE9B3-47D9-4446-8502-B8C73F939111}.Release|iPhoneSimulator.Deploy.0 = Release|Any CPU
		{F67AE9B3-47D9-4446-8502-B8C73F939111}.Release|x64.ActiveCfg = Release|Any CPU
		{F67AE9B3-47D9-4446-8502-B8C73F939111}.Release|x64.Build.0 = Release|Any CPU
		{F67AE9B3-47D9-4446-8502-B8C73F939111}.Release|x64.Deploy.0 = Release|Any CPU
		{F67AE9B3-47D9-4446-8502-B8C73F939111}.Release|x86.ActiveCfg = Release|Any CPU
		{F67AE9B3-47D9-4446-8502-B8C73F939111}.Release|x86.Build.0 = Release|Any CPU
		{F67AE9B3-47D9-4446-8502-B8C73F939111}.Release|x86.Deploy.0 = Release|Any CPU
		{24F13E4A-1558-47E7-8C60-A3B0C5C5DF6D}.Ad-Hoc|Any CPU.ActiveCfg = Ad-Hoc|iPhone
		{24F13E4A-1558-47E7-8C60-A3B0C5C5DF6D}.Ad-Hoc|Any CPU.Build.0 = Ad-Hoc|iPhone
		{24F13E4A-1558-47E7-8C60-A3B0C5C5DF6D}.Ad-Hoc|Any CPU.Deploy.0 = Ad-Hoc|iPhone
		{24F13E4A-1558-47E7-8C60-A3B0C5C5DF6D}.Ad-Hoc|ARM.ActiveCfg = Ad-Hoc|iPhone
		{24F13E4A-1558-47E7-8C60-A3B0C5C5DF6D}.Ad-Hoc|ARM.Build.0 = Ad-Hoc|iPhone
		{24F13E4A-1558-47E7-8C60-A3B0C5C5DF6D}.Ad-Hoc|ARM.Deploy.0 = Ad-Hoc|iPhone
		{24F13E4A-1558-47E7-8C60-A3B0C5C5DF6D}.Ad-Hoc|iPhone.ActiveCfg = Ad-Hoc|iPhone
		{24F13E4A-1558-47E7-8C60-A3B0C5C5DF6D}.Ad-Hoc|iPhone.Build.0 = Ad-Hoc|iPhone
		{24F13E4A-1558-47E7-8C60-A3B0C5C5DF6D}.Ad-Hoc|iPhone.Deploy.0 = Ad-Hoc|iPhone
		{24F13E4A-1558-47E7-8C60-A3B0C5C5DF6D}.Ad-Hoc|iPhoneSimulator.ActiveCfg = Ad-Hoc|iPhoneSimulator
		{24F13E4A-1558-47E7-8C60-A3B0C5C5DF6D}.Ad-Hoc|iPhoneSimulator.Build.0 = Ad-Hoc|iPhoneSimulator
		{24F13E4A-1558-47E7-8C60-A3B0C5C5DF6D}.Ad-Hoc|iPhoneSimulator.Deploy.0 = Ad-Hoc|iPhoneSimulator
		{24F13E4A-1558-47E7-8C60-A3B0C5C5DF6D}.Ad-Hoc|x64.ActiveCfg = Ad-Hoc|iPhone
		{24F13E4A-1558-47E7-8C60-A3B0C5C5DF6D}.Ad-Hoc|x64.Build.0 = Ad-Hoc|iPhone
		{24F13E4A-1558-47E7-8C60-A3B0C5C5DF6D}.Ad-Hoc|x64.Deploy.0 = Ad-Hoc|iPhone
		{24F13E4A-1558-47E7-8C60-A3B0C5C5DF6D}.Ad-Hoc|x86.ActiveCfg = Ad-Hoc|iPhone
		{24F13E4A-1558-47E7-8C60-A3B0C5C5DF6D}.Ad-Hoc|x86.Build.0 = Ad-Hoc|iPhone
		{24F13E4A-1558-47E7-8C60-A3B0C5C5DF6D}.Ad-Hoc|x86.Deploy.0 = Ad-Hoc|iPhone
		{24F13E4A-1558-47E7-8C60-A3B0C5C5DF6D}.AppStore|Any CPU.ActiveCfg = AppStore|iPhone
		{24F13E4A-1558-47E7-8C60-A3B0C5C5DF6D}.AppStore|Any CPU.Build.0 = AppStore|iPhone
		{24F13E4A-1558-47E7-8C60-A3B0C5C5DF6D}.AppStore|Any CPU.Deploy.0 = AppStore|iPhone
		{24F13E4A-1558-47E7-8C60-A3B0C5C5DF6D}.AppStore|ARM.ActiveCfg = AppStore|iPhone
		{24F13E4A-1558-47E7-8C60-A3B0C5C5DF6D}.AppStore|ARM.Build.0 = AppStore|iPhone
		{24F13E4A-1558-47E7-8C60-A3B0C5C5DF6D}.AppStore|ARM.Deploy.0 = AppStore|iPhone
		{24F13E4A-1558-47E7-8C60-A3B0C5C5DF6D}.AppStore|iPhone.ActiveCfg = AppStore|iPhone
		{24F13E4A-1558-47E7-8C60-A3B0C5C5DF6D}.AppStore|iPhone.Build.0 = AppStore|iPhone
		{24F13E4A-1558-47E7-8C60-A3B0C5C5DF6D}.AppStore|iPhone.Deploy.0 = AppStore|iPhone
		{24F13E4A-1558-47E7-8C60-A3B0C5C5DF6D}.AppStore|iPhoneSimulator.ActiveCfg = AppStore|iPhoneSimulator
		{24F13E4A-1558-47E7-8C60-A3B0C5C5DF6D}.AppStore|iPhoneSimulator.Build.0 = AppStore|iPhoneSimulator
		{24F13E4A-1558-47E7-8C60-A3B0C5C5DF6D}.AppStore|iPhoneSimulator.Deploy.0 = AppStore|iPhoneSimulator
		{24F13E4A-1558-47E7-8C60-A3B0C5C5DF6D}.AppStore|x64.ActiveCfg = AppStore|iPhone
		{24F13E4A-1558-47E7-8C60-A3B0C5C5DF6D}.AppStore|x64.Build.0 = AppStore|iPhone
		{24F13E4A-1558-47E7-8C60-A3B0C5C5DF6D}.AppStore|x64.Deploy.0 = AppStore|iPhone
		{24F13E4A-1558-47E7-8C60-A3B0C5C5DF6D}.AppStore|x86.ActiveCfg = AppStore|iPhone
		{24F13E4A-1558-47E7-8C60-A3B0C5C5DF6D}.AppStore|x86.Build.0 = AppStore|iPhone
		{24F13E4A-1558-47E7-8C60-A3B0C5C5DF6D}.AppStore|x86.Deploy.0 = AppStore|iPhone
		{24F13E4A-1558-47E7-8C60-A3B0C5C5DF6D}.Debug|Any CPU.ActiveCfg = Debug|iPhoneSimulator
		{24F13E4A-1558-47E7-8C60-A3B0C5C5DF6D}.Debug|Any CPU.Build.0 = Debug|iPhoneSimulator
		{24F13E4A-1558-47E7-8C60-A3B0C5C5DF6D}.Debug|Any CPU.Deploy.0 = Debug|iPhoneSimulator
		{24F13E4A-1558-47E7-8C60-A3B0C5C5DF6D}.Debug|ARM.ActiveCfg = Debug|iPhone
		{24F13E4A-1558-47E7-8C60-A3B0C5C5DF6D}.Debug|ARM.Build.0 = Debug|iPhone
		{24F13E4A-1558-47E7-8C60-A3B0C5C5DF6D}.Debug|ARM.Deploy.0 = Debug|iPhone
		{24F13E4A-1558-47E7-8C60-A3B0C5C5DF6D}.Debug|iPhone.ActiveCfg = Debug|iPhone
		{24F13E4A-1558-47E7-8C60-A3B0C5C5DF6D}.Debug|iPhone.Build.0 = Debug|iPhone
		{24F13E4A-1558-47E7-8C60-A3B0C5C5DF6D}.Debug|iPhone.Deploy.0 = Debug|iPhone
		{24F13E4A-1558-47E7-8C60-A3B0C5C5DF6D}.Debug|iPhoneSimulator.ActiveCfg = Debug|iPhoneSimulator
		{24F13E4A-1558-47E7-8C60-A3B0C5C5DF6D}.Debug|iPhoneSimulator.Build.0 = Debug|iPhoneSimulator
		{24F13E4A-1558-47E7-8C60-A3B0C5C5DF6D}.Debug|iPhoneSimulator.Deploy.0 = Debug|iPhoneSimulator
		{24F13E4A-1558-47E7-8C60-A3B0C5C5DF6D}.Debug|x64.ActiveCfg = Debug|iPhone
		{24F13E4A-1558-47E7-8C60-A3B0C5C5DF6D}.Debug|x64.Build.0 = Debug|iPhone
		{24F13E4A-1558-47E7-8C60-A3B0C5C5DF6D}.Debug|x64.Deploy.0 = Debug|iPhone
		{24F13E4A-1558-47E7-8C60-A3B0C5C5DF6D}.Debug|x86.ActiveCfg = Debug|iPhone
		{24F13E4A-1558-47E7-8C60-A3B0C5C5DF6D}.Debug|x86.Build.0 = Debug|iPhone
		{24F13E4A-1558-47E7-8C60-A3B0C5C5DF6D}.Debug|x86.Deploy.0 = Debug|iPhone
		{24F13E4A-1558-47E7-8C60-A3B0C5C5DF6D}.Release|Any CPU.ActiveCfg = Release|iPhone
		{24F13E4A-1558-47E7-8C60-A3B0C5C5DF6D}.Release|Any CPU.Build.0 = Release|iPhone
		{24F13E4A-1558-47E7-8C60-A3B0C5C5DF6D}.Release|Any CPU.Deploy.0 = Release|iPhone
		{24F13E4A-1558-47E7-8C60-A3B0C5C5DF6D}.Release|ARM.ActiveCfg = Release|iPhone
		{24F13E4A-1558-47E7-8C60-A3B0C5C5DF6D}.Release|ARM.Build.0 = Release|iPhone
		{24F13E4A-1558-47E7-8C60-A3B0C5C5DF6D}.Release|ARM.Deploy.0 = Release|iPhone
		{24F13E4A-1558-47E7-8C60-A3B0C5C5DF6D}.Release|iPhone.ActiveCfg = Release|iPhone
		{24F13E4A-1558-47E7-8C60-A3B0C5C5DF6D}.Release|iPhone.Build.0 = Release|iPhone
		{24F13E4A-1558-47E7-8C60-A3B0C5C5DF6D}.Release|iPhone.Deploy.0 = Release|iPhone
		{24F13E4A-1558-47E7-8C60-A3B0C5C5DF6D}.Release|iPhoneSimulator.ActiveCfg = Release|iPhoneSimulator
		{24F13E4A-1558-47E7-8C60-A3B0C5C5DF6D}.Release|iPhoneSimulator.Build.0 = Release|iPhoneSimulator
		{24F13E4A-1558-47E7-8C60-A3B0C5C5DF6D}.Release|iPhoneSimulator.Deploy.0 = Release|iPhoneSimulator
		{24F13E4A-1558-47E7-8C60-A3B0C5C5DF6D}.Release|x64.ActiveCfg = Release|iPhone
		{24F13E4A-1558-47E7-8C60-A3B0C5C5DF6D}.Release|x64.Build.0 = Release|iPhone
		{24F13E4A-1558-47E7-8C60-A3B0C5C5DF6D}.Release|x64.Deploy.0 = Release|iPhone
		{24F13E4A-1558-47E7-8C60-A3B0C5C5DF6D}.Release|x86.ActiveCfg = Release|iPhone
		{24F13E4A-1558-47E7-8C60-A3B0C5C5DF6D}.Release|x86.Build.0 = Release|iPhone
		{24F13E4A-1558-47E7-8C60-A3B0C5C5DF6D}.Release|x86.Deploy.0 = Release|iPhone
		{A934C0C8-57DE-41AC-89EB-51A7C54A8C72}.Ad-Hoc|Any CPU.ActiveCfg = Release|x86
		{A934C0C8-57DE-41AC-89EB-51A7C54A8C72}.Ad-Hoc|Any CPU.Build.0 = Release|x86
		{A934C0C8-57DE-41AC-89EB-51A7C54A8C72}.Ad-Hoc|Any CPU.Deploy.0 = Release|x86
		{A934C0C8-57DE-41AC-89EB-51A7C54A8C72}.Ad-Hoc|ARM.ActiveCfg = Release|ARM
		{A934C0C8-57DE-41AC-89EB-51A7C54A8C72}.Ad-Hoc|ARM.Build.0 = Release|ARM
		{A934C0C8-57DE-41AC-89EB-51A7C54A8C72}.Ad-Hoc|ARM.Deploy.0 = Release|ARM
		{A934C0C8-57DE-41AC-89EB-51A7C54A8C72}.Ad-Hoc|iPhone.ActiveCfg = Release|x86
		{A934C0C8-57DE-41AC-89EB-51A7C54A8C72}.Ad-Hoc|iPhone.Build.0 = Release|x86
		{A934C0C8-57DE-41AC-89EB-51A7C54A8C72}.Ad-Hoc|iPhone.Deploy.0 = Release|x86
		{A934C0C8-57DE-41AC-89EB-51A7C54A8C72}.Ad-Hoc|iPhoneSimulator.ActiveCfg = Release|x86
		{A934C0C8-57DE-41AC-89EB-51A7C54A8C72}.Ad-Hoc|iPhoneSimulator.Build.0 = Release|x86
		{A934C0C8-57DE-41AC-89EB-51A7C54A8C72}.Ad-Hoc|iPhoneSimulator.Deploy.0 = Release|x86
		{A934C0C8-57DE-41AC-89EB-51A7C54A8C72}.Ad-Hoc|x64.ActiveCfg = Release|x64
		{A934C0C8-57DE-41AC-89EB-51A7C54A8C72}.Ad-Hoc|x64.Build.0 = Release|x64
		{A934C0C8-57DE-41AC-89EB-51A7C54A8C72}.Ad-Hoc|x64.Deploy.0 = Release|x64
		{A934C0C8-57DE-41AC-89EB-51A7C54A8C72}.Ad-Hoc|x86.ActiveCfg = Release|x86
		{A934C0C8-57DE-41AC-89EB-51A7C54A8C72}.Ad-Hoc|x86.Build.0 = Release|x86
		{A934C0C8-57DE-41AC-89EB-51A7C54A8C72}.Ad-Hoc|x86.Deploy.0 = Release|x86
		{A934C0C8-57DE-41AC-89EB-51A7C54A8C72}.AppStore|Any CPU.ActiveCfg = Release|x86
		{A934C0C8-57DE-41AC-89EB-51A7C54A8C72}.AppStore|Any CPU.Build.0 = Release|x86
		{A934C0C8-57DE-41AC-89EB-51A7C54A8C72}.AppStore|Any CPU.Deploy.0 = Release|x86
		{A934C0C8-57DE-41AC-89EB-51A7C54A8C72}.AppStore|ARM.ActiveCfg = Release|ARM
		{A934C0C8-57DE-41AC-89EB-51A7C54A8C72}.AppStore|ARM.Build.0 = Release|ARM
		{A934C0C8-57DE-41AC-89EB-51A7C54A8C72}.AppStore|ARM.Deploy.0 = Release|ARM
		{A934C0C8-57DE-41AC-89EB-51A7C54A8C72}.AppStore|iPhone.ActiveCfg = Release|x86
		{A934C0C8-57DE-41AC-89EB-51A7C54A8C72}.AppStore|iPhone.Build.0 = Release|x86
		{A934C0C8-57DE-41AC-89EB-51A7C54A8C72}.AppStore|iPhone.Deploy.0 = Release|x86
		{A934C0C8-57DE-41AC-89EB-51A7C54A8C72}.AppStore|iPhoneSimulator.ActiveCfg = Release|x86
		{A934C0C8-57DE-41AC-89EB-51A7C54A8C72}.AppStore|iPhoneSimulator.Build.0 = Release|x86
		{A934C0C8-57DE-41AC-89EB-51A7C54A8C72}.AppStore|iPhoneSimulator.Deploy.0 = Release|x86
		{A934C0C8-57DE-41AC-89EB-51A7C54A8C72}.AppStore|x64.ActiveCfg = Release|x64
		{A934C0C8-57DE-41AC-89EB-51A7C54A8C72}.AppStore|x64.Build.0 = Release|x64
		{A934C0C8-57DE-41AC-89EB-51A7C54A8C72}.AppStore|x64.Deploy.0 = Release|x64
		{A934C0C8-57DE-41AC-89EB-51A7C54A8C72}.AppStore|x86.ActiveCfg = Release|x86
		{A934C0C8-57DE-41AC-89EB-51A7C54A8C72}.AppStore|x86.Build.0 = Release|x86
		{A934C0C8-57DE-41AC-89EB-51A7C54A8C72}.AppStore|x86.Deploy.0 = Release|x86
		{A934C0C8-57DE-41AC-89EB-51A7C54A8C72}.Debug|Any CPU.ActiveCfg = Debug|x86
		{A934C0C8-57DE-41AC-89EB-51A7C54A8C72}.Debug|Any CPU.Build.0 = Debug|x86
		{A934C0C8-57DE-41AC-89EB-51A7C54A8C72}.Debug|Any CPU.Deploy.0 = Debug|x86
		{A934C0C8-57DE-41AC-89EB-51A7C54A8C72}.Debug|ARM.ActiveCfg = Debug|ARM
		{A934C0C8-57DE-41AC-89EB-51A7C54A8C72}.Debug|ARM.Build.0 = Debug|ARM
		{A934C0C8-57DE-41AC-89EB-51A7C54A8C72}.Debug|ARM.Deploy.0 = Debug|ARM
		{A934C0C8-57DE-41AC-89EB-51A7C54A8C72}.Debug|iPhone.ActiveCfg = Debug|x86
		{A934C0C8-57DE-41AC-89EB-51A7C54A8C72}.Debug|iPhone.Build.0 = Debug|x86
		{A934C0C8-57DE-41AC-89EB-51A7C54A8C72}.Debug|iPhone.Deploy.0 = Debug|x86
		{A934C0C8-57DE-41AC-89EB-51A7C54A8C72}.Debug|iPhoneSimulator.ActiveCfg = Debug|x86
		{A934C0C8-57DE-41AC-89EB-51A7C54A8C72}.Debug|iPhoneSimulator.Build.0 = Debug|x86
		{A934C0C8-57DE-41AC-89EB-51A7C54A8C72}.Debug|iPhoneSimulator.Deploy.0 = Debug|x86
		{A934C0C8-57DE-41AC-89EB-51A7C54A8C72}.Debug|x64.ActiveCfg = Debug|x64
		{A934C0C8-57DE-41AC-89EB-51A7C54A8C72}.Debug|x64.Build.0 = Debug|x64
		{A934C0C8-57DE-41AC-89EB-51A7C54A8C72}.Debug|x64.Deploy.0 = Debug|x64
		{A934C0C8-57DE-41AC-89EB-51A7C54A8C72}.Debug|x86.ActiveCfg = Debug|x86
		{A934C0C8-57DE-41AC-89EB-51A7C54A8C72}.Debug|x86.Build.0 = Debug|x86
		{A934C0C8-57DE-41AC-89EB-51A7C54A8C72}.Debug|x86.Deploy.0 = Debug|x86
		{A934C0C8-57DE-41AC-89EB-51A7C54A8C72}.Release|Any CPU.ActiveCfg = Release|x86
		{A934C0C8-57DE-41AC-89EB-51A7C54A8C72}.Release|Any CPU.Build.0 = Release|x86
		{A934C0C8-57DE-41AC-89EB-51A7C54A8C72}.Release|Any CPU.Deploy.0 = Release|x86
		{A934C0C8-57DE-41AC-89EB-51A7C54A8C72}.Release|ARM.ActiveCfg = Release|ARM
		{A934C0C8-57DE-41AC-89EB-51A7C54A8C72}.Release|ARM.Build.0 = Release|ARM
		{A934C0C8-57DE-41AC-89EB-51A7C54A8C72}.Release|ARM.Deploy.0 = Release|ARM
		{A934C0C8-57DE-41AC-89EB-51A7C54A8C72}.Release|iPhone.ActiveCfg = Release|x86
		{A934C0C8-57DE-41AC-89EB-51A7C54A8C72}.Release|iPhone.Build.0 = Release|x86
		{A934C0C8-57DE-41AC-89EB-51A7C54A8C72}.Release|iPhone.Deploy.0 = Release|x86
		{A934C0C8-57DE-41AC-89EB-51A7C54A8C72}.Release|iPhoneSimulator.ActiveCfg = Release|x86
		{A934C0C8-57DE-41AC-89EB-51A7C54A8C72}.Release|iPhoneSimulator.Build.0 = Release|x86
		{A934C0C8-57DE-41AC-89EB-51A7C54A8C72}.Release|iPhoneSimulator.Deploy.0 = Release|x86
		{A934C0C8-57DE-41AC-89EB-51A7C54A8C72}.Release|x64.ActiveCfg = Release|x64
		{A934C0C8-57DE-41AC-89EB-51A7C54A8C72}.Release|x64.Build.0 = Release|x64
		{A934C0C8-57DE-41AC-89EB-51A7C54A8C72}.Release|x64.Deploy.0 = Release|x64
		{A934C0C8-57DE-41AC-89EB-51A7C54A8C72}.Release|x86.ActiveCfg = Release|x86
		{A934C0C8-57DE-41AC-89EB-51A7C54A8C72}.Release|x86.Build.0 = Release|x86
		{A934C0C8-57DE-41AC-89EB-51A7C54A8C72}.Release|x86.Deploy.0 = Release|x86
		{685A3E1D-ADDD-4FC2-B61F-2DF45E694687}.Ad-Hoc|Any CPU.ActiveCfg = Debug|Any CPU
		{685A3E1D-ADDD-4FC2-B61F-2DF45E694687}.Ad-Hoc|Any CPU.Build.0 = Debug|Any CPU
		{685A3E1D-ADDD-4FC2-B61F-2DF45E694687}.Ad-Hoc|Any CPU.Deploy.0 = Debug|Any CPU
		{685A3E1D-ADDD-4FC2-B61F-2DF45E694687}.Ad-Hoc|ARM.ActiveCfg = Debug|Any CPU
		{685A3E1D-ADDD-4FC2-B61F-2DF45E694687}.Ad-Hoc|ARM.Build.0 = Debug|Any CPU
		{685A3E1D-ADDD-4FC2-B61F-2DF45E694687}.Ad-Hoc|ARM.Deploy.0 = Debug|Any CPU
		{685A3E1D-ADDD-4FC2-B61F-2DF45E694687}.Ad-Hoc|iPhone.ActiveCfg = Debug|Any CPU
		{685A3E1D-ADDD-4FC2-B61F-2DF45E694687}.Ad-Hoc|iPhone.Build.0 = Debug|Any CPU
		{685A3E1D-ADDD-4FC2-B61F-2DF45E694687}.Ad-Hoc|iPhone.Deploy.0 = Debug|Any CPU
		{685A3E1D-ADDD-4FC2-B61F-2DF45E694687}.Ad-Hoc|iPhoneSimulator.ActiveCfg = Debug|Any CPU
		{685A3E1D-ADDD-4FC2-B61F-2DF45E694687}.Ad-Hoc|iPhoneSimulator.Build.0 = Debug|Any CPU
		{685A3E1D-ADDD-4FC2-B61F-2DF45E694687}.Ad-Hoc|iPhoneSimulator.Deploy.0 = Debug|Any CPU
		{685A3E1D-ADDD-4FC2-B61F-2DF45E694687}.Ad-Hoc|x64.ActiveCfg = Debug|Any CPU
		{685A3E1D-ADDD-4FC2-B61F-2DF45E694687}.Ad-Hoc|x64.Build.0 = Debug|Any CPU
		{685A3E1D-ADDD-4FC2-B61F-2DF45E694687}.Ad-Hoc|x64.Deploy.0 = Debug|Any CPU
		{685A3E1D-ADDD-4FC2-B61F-2DF45E694687}.Ad-Hoc|x86.ActiveCfg = Debug|Any CPU
		{685A3E1D-ADDD-4FC2-B61F-2DF45E694687}.Ad-Hoc|x86.Build.0 = Debug|Any CPU
		{685A3E1D-ADDD-4FC2-B61F-2DF45E694687}.Ad-Hoc|x86.Deploy.0 = Debug|Any CPU
		{685A3E1D-ADDD-4FC2-B61F-2DF45E694687}.AppStore|Any CPU.ActiveCfg = Debug|Any CPU
		{685A3E1D-ADDD-4FC2-B61F-2DF45E694687}.AppStore|Any CPU.Build.0 = Debug|Any CPU
		{685A3E1D-ADDD-4FC2-B61F-2DF45E694687}.AppStore|Any CPU.Deploy.0 = Debug|Any CPU
		{685A3E1D-ADDD-4FC2-B61F-2DF45E694687}.AppStore|ARM.ActiveCfg = Debug|Any CPU
		{685A3E1D-ADDD-4FC2-B61F-2DF45E694687}.AppStore|ARM.Build.0 = Debug|Any CPU
		{685A3E1D-ADDD-4FC2-B61F-2DF45E694687}.AppStore|ARM.Deploy.0 = Debug|Any CPU
		{685A3E1D-ADDD-4FC2-B61F-2DF45E694687}.AppStore|iPhone.ActiveCfg = Debug|Any CPU
		{685A3E1D-ADDD-4FC2-B61F-2DF45E694687}.AppStore|iPhone.Build.0 = Debug|Any CPU
		{685A3E1D-ADDD-4FC2-B61F-2DF45E694687}.AppStore|iPhone.Deploy.0 = Debug|Any CPU
		{685A3E1D-ADDD-4FC2-B61F-2DF45E694687}.AppStore|iPhoneSimulator.ActiveCfg = Debug|Any CPU
		{685A3E1D-ADDD-4FC2-B61F-2DF45E694687}.AppStore|iPhoneSimulator.Build.0 = Debug|Any CPU
		{685A3E1D-ADDD-4FC2-B61F-2DF45E694687}.AppStore|iPhoneSimulator.Deploy.0 = Debug|Any CPU
		{685A3E1D-ADDD-4FC2-B61F-2DF45E694687}.AppStore|x64.ActiveCfg = Debug|Any CPU
		{685A3E1D-ADDD-4FC2-B61F-2DF45E694687}.AppStore|x64.Build.0 = Debug|Any CPU
		{685A3E1D-ADDD-4FC2-B61F-2DF45E694687}.AppStore|x64.Deploy.0 = Debug|Any CPU
		{685A3E1D-ADDD-4FC2-B61F-2DF45E694687}.AppStore|x86.ActiveCfg = Debug|Any CPU
		{685A3E1D-ADDD-4FC2-B61F-2DF45E694687}.AppStore|x86.Build.0 = Debug|Any CPU
		{685A3E1D-ADDD-4FC2-B61F-2DF45E694687}.AppStore|x86.Deploy.0 = Debug|Any CPU
		{685A3E1D-ADDD-4FC2-B61F-2DF45E694687}.Debug|Any CPU.ActiveCfg = Debug|Any CPU
		{685A3E1D-ADDD-4FC2-B61F-2DF45E694687}.Debug|Any CPU.Build.0 = Debug|Any CPU
		{685A3E1D-ADDD-4FC2-B61F-2DF45E694687}.Debug|Any CPU.Deploy.0 = Debug|Any CPU
		{685A3E1D-ADDD-4FC2-B61F-2DF45E694687}.Debug|ARM.ActiveCfg = Debug|Any CPU
		{685A3E1D-ADDD-4FC2-B61F-2DF45E694687}.Debug|ARM.Build.0 = Debug|Any CPU
		{685A3E1D-ADDD-4FC2-B61F-2DF45E694687}.Debug|ARM.Deploy.0 = Debug|Any CPU
		{685A3E1D-ADDD-4FC2-B61F-2DF45E694687}.Debug|iPhone.ActiveCfg = Debug|Any CPU
		{685A3E1D-ADDD-4FC2-B61F-2DF45E694687}.Debug|iPhone.Build.0 = Debug|Any CPU
		{685A3E1D-ADDD-4FC2-B61F-2DF45E694687}.Debug|iPhone.Deploy.0 = Debug|Any CPU
		{685A3E1D-ADDD-4FC2-B61F-2DF45E694687}.Debug|iPhoneSimulator.ActiveCfg = Debug|Any CPU
		{685A3E1D-ADDD-4FC2-B61F-2DF45E694687}.Debug|iPhoneSimulator.Build.0 = Debug|Any CPU
		{685A3E1D-ADDD-4FC2-B61F-2DF45E694687}.Debug|iPhoneSimulator.Deploy.0 = Debug|Any CPU
		{685A3E1D-ADDD-4FC2-B61F-2DF45E694687}.Debug|x64.ActiveCfg = Debug|Any CPU
		{685A3E1D-ADDD-4FC2-B61F-2DF45E694687}.Debug|x64.Build.0 = Debug|Any CPU
		{685A3E1D-ADDD-4FC2-B61F-2DF45E694687}.Debug|x64.Deploy.0 = Debug|Any CPU
		{685A3E1D-ADDD-4FC2-B61F-2DF45E694687}.Debug|x86.ActiveCfg = Debug|Any CPU
		{685A3E1D-ADDD-4FC2-B61F-2DF45E694687}.Debug|x86.Build.0 = Debug|Any CPU
		{685A3E1D-ADDD-4FC2-B61F-2DF45E694687}.Debug|x86.Deploy.0 = Debug|Any CPU
		{685A3E1D-ADDD-4FC2-B61F-2DF45E694687}.Release|Any CPU.ActiveCfg = Release|Any CPU
		{685A3E1D-ADDD-4FC2-B61F-2DF45E694687}.Release|Any CPU.Build.0 = Release|Any CPU
		{685A3E1D-ADDD-4FC2-B61F-2DF45E694687}.Release|Any CPU.Deploy.0 = Release|Any CPU
		{685A3E1D-ADDD-4FC2-B61F-2DF45E694687}.Release|ARM.ActiveCfg = Release|Any CPU
		{685A3E1D-ADDD-4FC2-B61F-2DF45E694687}.Release|ARM.Build.0 = Release|Any CPU
		{685A3E1D-ADDD-4FC2-B61F-2DF45E694687}.Release|ARM.Deploy.0 = Release|Any CPU
		{685A3E1D-ADDD-4FC2-B61F-2DF45E694687}.Release|iPhone.ActiveCfg = Release|Any CPU
		{685A3E1D-ADDD-4FC2-B61F-2DF45E694687}.Release|iPhone.Build.0 = Release|Any CPU
		{685A3E1D-ADDD-4FC2-B61F-2DF45E694687}.Release|iPhone.Deploy.0 = Release|Any CPU
		{685A3E1D-ADDD-4FC2-B61F-2DF45E694687}.Release|iPhoneSimulator.ActiveCfg = Release|Any CPU
		{685A3E1D-ADDD-4FC2-B61F-2DF45E694687}.Release|iPhoneSimulator.Build.0 = Release|Any CPU
		{685A3E1D-ADDD-4FC2-B61F-2DF45E694687}.Release|iPhoneSimulator.Deploy.0 = Release|Any CPU
		{685A3E1D-ADDD-4FC2-B61F-2DF45E694687}.Release|x64.ActiveCfg = Release|Any CPU
		{685A3E1D-ADDD-4FC2-B61F-2DF45E694687}.Release|x64.Build.0 = Release|Any CPU
		{685A3E1D-ADDD-4FC2-B61F-2DF45E694687}.Release|x64.Deploy.0 = Release|Any CPU
		{685A3E1D-ADDD-4FC2-B61F-2DF45E694687}.Release|x86.ActiveCfg = Release|Any CPU
		{685A3E1D-ADDD-4FC2-B61F-2DF45E694687}.Release|x86.Build.0 = Release|Any CPU
		{685A3E1D-ADDD-4FC2-B61F-2DF45E694687}.Release|x86.Deploy.0 = Release|Any CPU
	EndGlobalSection
	GlobalSection(SolutionProperties) = preSolution
		HideSolutionNode = FALSE
	EndGlobalSection
	GlobalSection(ExtensibilityGlobals) = postSolution
		SolutionGuid = {08F64ACA-986D-4FFA-9E21-2B157BD26585}
	EndGlobalSection
EndGlobal
